<Solution>
  <Folder Name="/src/">
    <Project Path="src/AspireHost/AspireHost.csproj" />
    <Project Path="src/Client.Spectre/Client.Spectre.csproj" />
    <Project Path="src/HubServer/HubServer.csproj" />
    <Project Path="src/ServiceDefaults/ServiceDefaults.csproj" />
  </Folder>
</Solution>
